// !$*UTF8*$!
{
	archiveVersion = 1;
	classes = {
	};
	objectVersion = 56;
	objects = {

/* Begin PBXBuildFile section */
		00D97FA00591A22DE9BC1CEB /* PersonDetailView.swift in Sources */ = {isa = PBXBuildFile; fileRef = 8D353E9D3181CC440804673C /* PersonDetailView.swift */; };
		01E49AB07F0C0EFF14F464FD /* ImageViews.swift in Sources */ = {isa = PBXBuildFile; fileRef = 072B74B28A469A2FB7F1AB50 /* ImageViews.swift */; };
		02B2F9FCB684080709C7861A /* AdvancedFilterView.swift in Sources */ = {isa = PBXBuildFile; fileRef = A64BDFE38DFA875897C767E9 /* AdvancedFilterView.swift */; };
		0425806CCCDCB0B700F4E9C1 /* Colors.swift in Sources */ = {isa = PBXBuildFile; fileRef = 92A7DBD6C9C100BB26E92F70 /* Colors.swift */; };
		0472017F9825AB8030B93101 /* UserPreferences.swift in Sources */ = {isa = PBXBuildFile; fileRef = 4524B33215506D4ED088A252 /* UserPreferences.swift */; };
		0605A2C999CF7DBE42955502 /* SemanticSearchUseCase.swift in Sources */ = {isa = PBXBuildFile; fileRef = BAE3A74A0918F91453A644C5 /* SemanticSearchUseCase.swift */; };
		0741BFF8CF093E4E593844DE /* UpdateReminderUseCase.swift in Sources */ = {isa = PBXBuildFile; fileRef = FF9FEDEC7B393F1F79C87374 /* UpdateReminderUseCase.swift */; };
		07DCD998BE4EABCBA7A26266 /* HomeCards.swift in Sources */ = {isa = PBXBuildFile; fileRef = AF9D6F939C9B555D8DB5AC4D /* HomeCards.swift */; };
		0A02FB50711DCE8426CED0A0 /* GetMemoryUseCase.swift in Sources */ = {isa = PBXBuildFile; fileRef = 062A8A1DCD7DF60922039985 /* GetMemoryUseCase.swift */; };
		0D35F246D9521C5FF6091F57 /* LockScreenWidget.swift in Sources */ = {isa = PBXBuildFile; fileRef = B5833914133983C466C67BB1 /* LockScreenWidget.swift */; };
		0EC688FFC96B53FF65E463BC /* AllMemoriesView.swift in Sources */ = {isa = PBXBuildFile; fileRef = 8BEAF3F50F78F2AF76C2F4A7 /* AllMemoriesView.swift */; };
		15E440E75CB08A5175778614 /* PersonListView.swift in Sources */ = {isa = PBXBuildFile; fileRef = 56319C0CD5CB0B3D8CC50BDB /* PersonListView.swift */; };
		16C459A0393ADBBF11F3526D /* GetAllPersonsUseCase.swift in Sources */ = {isa = PBXBuildFile; fileRef = C1126CF4F64B2E5AC107F2B1 /* GetAllPersonsUseCase.swift */; };
		18BD0E6026503C2175AEDB26 /* ReminderRepositoryImpl.swift in Sources */ = {isa = PBXBuildFile; fileRef = 0518F0C0C2671FDC76CE5123 /* ReminderRepositoryImpl.swift */; };
		198CB3A5DA9C1F5D2961F838 /* NotificationService.swift in Sources */ = {isa = PBXBuildFile; fileRef = 05393E7BD20294AD8D7F60EC /* NotificationService.swift */; };
		1A03BDAF61D966654710814B /* OnboardingView.swift in Sources */ = {isa = PBXBuildFile; fileRef = C4874177ECA9F7FA328DBFD9 /* OnboardingView.swift */; };
		1C969002B6EF337AB225EA6E /* CloudStorageService.swift in Sources */ = {isa = PBXBuildFile; fileRef = 3AF48AAF621985A789EBA2A7 /* CloudStorageService.swift */; };
		22C98E45CBE5FE8D90F1DE52 /* SaveReminderUseCase.swift in Sources */ = {isa = PBXBuildFile; fileRef = 3E172BEB7C9EDABD93289421 /* SaveReminderUseCase.swift */; };
		2787B9ABA20F696F38BAB0D3 /* Constants.swift in Sources */ = {isa = PBXBuildFile; fileRef = 59A0B5090360914B831CB35A /* Constants.swift */; };
		2F277FC7F28CCE495381A6D2 /* DailyMemoryApp.swift in Sources */ = {isa = PBXBuildFile; fileRef = 2FA793AD2C1C7643C1701C28 /* DailyMemoryApp.swift */; };
		3160A8A8DA25F3A223B31B5B /* PhotoService.swift in Sources */ = {isa = PBXBuildFile; fileRef = 4C78E8E94CDD7ED5892A7592 /* PhotoService.swift */; };
		32D4C0CF6D69CA3FA522177A /* FirestoreService.swift in Sources */ = {isa = PBXBuildFile; fileRef = F3ABB2BD8D87F86AEEC30574 /* FirestoreService.swift */; };
		3456FE4A95DCFD9B4D5E1052 /* GenerateSmartRemindersUseCase.swift in Sources */ = {isa = PBXBuildFile; fileRef = 1FD11CF87EBD979664E2ACAF /* GenerateSmartRemindersUseCase.swift */; };
		350FEEE40925FA45D2765165 /* GetPersonUseCase.swift in Sources */ = {isa = PBXBuildFile; fileRef = A763342EC0E6EC07C4D8189A /* GetPersonUseCase.swift */; };
		35F14DE302F5AD335A445120 /* PersistenceController.swift in Sources */ = {isa = PBXBuildFile; fileRef = CE2C71EFA9AC8DDB7D359F62 /* PersistenceController.swift */; };
		37A4865067FB1200C6BA9A70 /* UpdateMemoryUseCase.swift in Sources */ = {isa = PBXBuildFile; fileRef = 15BB8C76A822A18A4D384645 /* UpdateMemoryUseCase.swift */; };
		3B2C57EC880FEF5403817918 /* PhotoPickerView.swift in Sources */ = {isa = PBXBuildFile; fileRef = 1DDDAC64BFD00C8E914D6C69 /* PhotoPickerView.swift */; };
		3C0BCA8DFCAC20E2C18F31C2 /* DeletePersonUseCase.swift in Sources */ = {isa = PBXBuildFile; fileRef = FAA20F0258D924C585B00E1D /* DeletePersonUseCase.swift */; };
		3EBA02238A2C06D9D8CDA665 /* PersonEditView.swift in Sources */ = {isa = PBXBuildFile; fileRef = 01397027AEEFD64583E72B16 /* PersonEditView.swift */; };
		3FE6ECE08411B0DA8205F281 /* AIAnalysisService.swift in Sources */ = {isa = PBXBuildFile; fileRef = 0B94EB348C94BB17C0CF2B31 /* AIAnalysisService.swift */; };
		40DBBCDF9F3F1BA9997243E3 /* HomeView.swift in Sources */ = {isa = PBXBuildFile; fileRef = 4618375DDF43CC2E5ADC8ACD /* HomeView.swift */; };
		490FDD2D158C3FDBB85E95DB /* WidgetProvider.swift in Sources */ = {isa = PBXBuildFile; fileRef = 078A4BB7D9013BC1901B646E /* WidgetProvider.swift */; };
		4CD1B42FF833090CC37AAD8E /* PersonStore.swift in Sources */ = {isa = PBXBuildFile; fileRef = A61CF42C35727B011781DC2D /* PersonStore.swift */; };
		4DE30E0D3A65617A0056C93D /* SpeechRecognitionService.swift in Sources */ = {isa = PBXBuildFile; fileRef = E4AA261CB59DB46A72FA0A72 /* SpeechRecognitionService.swift */; };
		4F33EDB57830FF76A152DD0E /* AnalyzeImageUseCase.swift in Sources */ = {isa = PBXBuildFile; fileRef = 460AC509EA2720B44FDCE423 /* AnalyzeImageUseCase.swift */; };
		51B8D1AE4EBEEB2773AA2D0A /* SaveMemoryUseCase.swift in Sources */ = {isa = PBXBuildFile; fileRef = FF2C0F31CCAC4E188A51AF3D /* SaveMemoryUseCase.swift */; };
		52D4D8547DF0E53B520CE0A1 /* QuickRecordWidget.swift in Sources */ = {isa = PBXBuildFile; fileRef = F13B6348E75752FFAA7CA844 /* QuickRecordWidget.swift */; };
		546451A65D2D39D5FA21981C /* GoogleSignIn in Frameworks */ = {isa = PBXBuildFile; productRef = FBFFB665121250630C8DE726 /* GoogleSignIn */; };
		560257ECA9D12C0CD3AA7EF1 /* EmbeddingService.swift in Sources */ = {isa = PBXBuildFile; fileRef = B904302C737870B6241D4757 /* EmbeddingService.swift */; };
		5724014BC51FBE86F9E99DC0 /* PersonRepository.swift in Sources */ = {isa = PBXBuildFile; fileRef = C2CE23D5B1436D643C67524C /* PersonRepository.swift */; };
		5A73F8BCEAF1E2AA4AEC3AB0 /* LoginView.swift in Sources */ = {isa = PBXBuildFile; fileRef = 4CFADC64CC75785EBF3BAFE4 /* LoginView.swift */; };
		5B8B3CB62714F4C4B4E7E047 /* PremiumView.swift in Sources */ = {isa = PBXBuildFile; fileRef = 00E1B07908B5CDDA6369C539 /* PremiumView.swift */; };
		5BCEC865FBACD736B5EE37D8 /* MemoryEditView.swift in Sources */ = {isa = PBXBuildFile; fileRef = 7D68D5B77C714DF59E765966 /* MemoryEditView.swift */; };
		5D04AD070DFB51B9FBED172C /* SnoozeReminderUseCase.swift in Sources */ = {isa = PBXBuildFile; fileRef = 9066B198056AA9AAB0755EBF /* SnoozeReminderUseCase.swift */; };
		5F723B600D8977993F38E6EF /* RecordView.swift in Sources */ = {isa = PBXBuildFile; fileRef = DDAA0479B5F47C180805E839 /* RecordView.swift */; };
		63590AA061D1EC1D9BDC37A2 /* PersonRepositoryImpl.swift in Sources */ = {isa = PBXBuildFile; fileRef = EE5C2A98AEF6F4A552D5017E /* PersonRepositoryImpl.swift */; };
		6825EF526FDA6C767FD51CDC /* SettingsView.swift in Sources */ = {isa = PBXBuildFile; fileRef = 543F43500B1A3456904880E4 /* SettingsView.swift */; };
		69659CE067DBE6AB71D0674C /* Assets.xcassets in Resources */ = {isa = PBXBuildFile; fileRef = 7F09BC6492BF3AE31E2CA6F0 /* Assets.xcassets */; };
		6B125A840F0840263E2B2066 /* SavePersonUseCase.swift in Sources */ = {isa = PBXBuildFile; fileRef = ABF6DE3489090735AEDD7C5D /* SavePersonUseCase.swift */; };
		6ED79402CD85F928A7C56CE0 /* WidgetColors.swift in Sources */ = {isa = PBXBuildFile; fileRef = C8E7796438FEE8ED6B9D6870 /* WidgetColors.swift */; };
		7206CF65EC565F00786BA994 /* MemoryRepositoryImpl.swift in Sources */ = {isa = PBXBuildFile; fileRef = 43F4823BB5FFEB831790C4DC /* MemoryRepositoryImpl.swift */; };
		75C484D5AAD48F56ECECB0E0 /* HomeEmptyStateView.swift in Sources */ = {isa = PBXBuildFile; fileRef = 5DCA79E2D6E1121CB93314B6 /* HomeEmptyStateView.swift */; };
		763461E12C1DC6E8DAA8D72B /* GoogleSignInSwift in Frameworks */ = {isa = PBXBuildFile; productRef = 92B494BA76066A2C4A57736D /* GoogleSignInSwift */; };
		7C8086587748FC57176AA151 /* AnalyzeMemoryUseCase.swift in Sources */ = {isa = PBXBuildFile; fileRef = E7EA283CAC2283584E209EF6 /* AnalyzeMemoryUseCase.swift */; };
		858764E78799986602DF1C57 /* APIClient.swift in Sources */ = {isa = PBXBuildFile; fileRef = BA7E7FEBE700E9874DB599B0 /* APIClient.swift */; };
		90132A51A4A27AD8F483B136 /* Reminder.swift in Sources */ = {isa = PBXBuildFile; fileRef = D315825FCE454AAD88D7BA89 /* Reminder.swift */; };
		9535F773448A447C0606411E /* FirebaseAuth in Frameworks */ = {isa = PBXBuildFile; productRef = 385E167D0721D57DCA8B840C /* FirebaseAuth */; };
		9595AF89D886283102177CBA /* DIContainer.swift in Sources */ = {isa = PBXBuildFile; fileRef = 491E52783BDF17D99BDCC556 /* DIContainer.swift */; };
		9677943A02DB9D2DE41419E5 /* FirebaseFirestore in Frameworks */ = {isa = PBXBuildFile; productRef = 11E667083F641FF65E88F973 /* FirebaseFirestore */; };
		9721F9FA9E0631A468BA7ADE /* PhotoGalleryView.swift in Sources */ = {isa = PBXBuildFile; fileRef = B928AB14EC59A1320AA9A410 /* PhotoGalleryView.swift */; };
		9961129426BF0DADE98A195A /* ChatView.swift in Sources */ = {isa = PBXBuildFile; fileRef = 51A303222BDED75DA0249CA8 /* ChatView.swift */; };
		99A56BE54CA1610B817747EF /* SearchView.swift in Sources */ = {isa = PBXBuildFile; fileRef = 35AE5F14D223A9F12DC9A20E /* SearchView.swift */; };
		9A760EFF57ABF0D20894E440 /* MemoryRepository.swift in Sources */ = {isa = PBXBuildFile; fileRef = 00131521D2CDB36BDB34ADD6 /* MemoryRepository.swift */; };
		9B58EBC8CF9E412B30F7A6FD /* PersonMemoriesView.swift in Sources */ = {isa = PBXBuildFile; fileRef = AA0C90CBDB1AAD855ABBFFFF /* PersonMemoriesView.swift */; };
		9F5701754B47F7BA0521018A /* StateViews.swift in Sources */ = {isa = PBXBuildFile; fileRef = D171FA370ED21975512233E6 /* StateViews.swift */; };
		A0157D31D38F6B309B9D2CB7 /* GetTodayRemindersUseCase.swift in Sources */ = {isa = PBXBuildFile; fileRef = 7A280BFF97A4A0C272CA9BE8 /* GetTodayRemindersUseCase.swift */; };
		A0D1F299DB75C377CAFDAD88 /* DailyMemoryWidgetBundle.swift in Sources */ = {isa = PBXBuildFile; fileRef = 4E8F043423008C623B41FFF3 /* DailyMemoryWidgetBundle.swift */; };
		A33B08012A2E7537C858C574 /* Memory.swift in Sources */ = {isa = PBXBuildFile; fileRef = 321B9A2C4CCFA0A21B12BA08 /* Memory.swift */; };
		A6A6CC42D6A80B4D2AAC906B /* SearchMemoriesUseCase.swift in Sources */ = {isa = PBXBuildFile; fileRef = 234BEE1B35C0A7A13182DEE3 /* SearchMemoriesUseCase.swift */; };
		A8CE945AE5ACC9CA92C535E8 /* SyncManager.swift in Sources */ = {isa = PBXBuildFile; fileRef = 2140BBDE6845E60EFC7C10F9 /* SyncManager.swift */; };
		A95A6B637B7CB3D6A0BD66F4 /* MoodTrendView.swift in Sources */ = {isa = PBXBuildFile; fileRef = 00453B73C20C032AE562DE2A /* MoodTrendView.swift */; };
		AE912CBFB5CDABC8C09FE97F /* DailyMemoryWidget.swift in Sources */ = {isa = PBXBuildFile; fileRef = 066EC1573FE38ADA53920ED7 /* DailyMemoryWidget.swift */; };
		AF9F4314638D831337B4DA1C /* UpdatePersonUseCase.swift in Sources */ = {isa = PBXBuildFile; fileRef = 81914AE1E172D0B04C92DDB5 /* UpdatePersonUseCase.swift */; };
		B07F78F7FDF5A7FEB132B759 /* MemoryStore.swift in Sources */ = {isa = PBXBuildFile; fileRef = 40F7782DC40C24E4D8B84B43 /* MemoryStore.swift */; };
		B2DAB5E56EDE883BA0DC7CFE /* SaveSuccessView.swift in Sources */ = {isa = PBXBuildFile; fileRef = FDC62DF24A809159B187F288 /* SaveSuccessView.swift */; };
		B6D4EA91C4FD57038DC81F03 /* StoreKitService.swift in Sources */ = {isa = PBXBuildFile; fileRef = 3C85FFB7B3E01456E1534AD7 /* StoreKitService.swift */; };
		B75E1229DD3458E133366DBA /* GoogleService-Info.plist in Resources */ = {isa = PBXBuildFile; fileRef = 2EEB84491D3F683BD9728748 /* GoogleService-Info.plist */; };
		B908AB85D1216F053412F2F8 /* MemoryDetailView.swift in Sources */ = {isa = PBXBuildFile; fileRef = 9809F2A5690C46832768175A /* MemoryDetailView.swift */; };
		B92BD1481CED6F1678235D60 /* ContentView.swift in Sources */ = {isa = PBXBuildFile; fileRef = F04F44FEFD3753DFCDF20A00 /* ContentView.swift */; };
		BD6153FC54FBB816D5413538 /* Date+Extensions.swift in Sources */ = {isa = PBXBuildFile; fileRef = 64150BCF44729A17A350ACA2 /* Date+Extensions.swift */; };
		BE90A52D3A1F2C0B67B00875 /* Person.swift in Sources */ = {isa = PBXBuildFile; fileRef = FD1359BBDF9C4702889FE619 /* Person.swift */; };
		C6B47BD2CB71D5F7C1E9AEEE /* ExportService.swift in Sources */ = {isa = PBXBuildFile; fileRef = FF47ADAA7121D0AA0D132E83 /* ExportService.swift */; };
		CA0B0C0F778602C4F8629B01 /* AuthService.swift in Sources */ = {isa = PBXBuildFile; fileRef = 07A1DE10EA0FBDEFFDB08245 /* AuthService.swift */; };
		CA1805EB4AD05CAC2CEE2C2E /* CompleteReminderUseCase.swift in Sources */ = {isa = PBXBuildFile; fileRef = D2664A5D8BB7664DE91E50FA /* CompleteReminderUseCase.swift */; };
		D1D078804772A197F4B455CF /* LocationPickerView.swift in Sources */ = {isa = PBXBuildFile; fileRef = 8D4907ECC8549927E9A72854 /* LocationPickerView.swift */; };
		D49FCA6A4F47EEC42321DDFC /* ImageAnalysisService.swift in Sources */ = {isa = PBXBuildFile; fileRef = D3A0EAC41FB3D095854BFF06 /* ImageAnalysisService.swift */; };
		DA351B8BBD64CE8A4A0499D5 /* DeleteReminderUseCase.swift in Sources */ = {isa = PBXBuildFile; fileRef = E0E66913394F149A2EFC2620 /* DeleteReminderUseCase.swift */; };
		DB30585B72978530E8F54CA1 /* CoreDataModels.swift in Sources */ = {isa = PBXBuildFile; fileRef = B33A784F31A7706957E9478C /* CoreDataModels.swift */; };
		DB4929EC4E8549CFFA9AF681 /* WidgetEntry.swift in Sources */ = {isa = PBXBuildFile; fileRef = CA3FAEC07436121DC47503D2 /* WidgetEntry.swift */; };
		DBEA743A7F4A0BF751FA2968 /* FirebaseStorage in Frameworks */ = {isa = PBXBuildFile; productRef = 833428D35531325DEAF04541 /* FirebaseStorage */; };
		DDF23292165199A635753A03 /* DeleteMemoryUseCase.swift in Sources */ = {isa = PBXBuildFile; fileRef = 10A7187DDEE64C82510516ED /* DeleteMemoryUseCase.swift */; };
		DE337D714275E39FAF7665AB /* DailyMemory.xcdatamodeld in Sources */ = {isa = PBXBuildFile; fileRef = B833AB8759807525D0EC3D49 /* DailyMemory.xcdatamodeld */; };
		E0A4679757FEF70B24636FBB /* FirebaseAnalytics in Frameworks */ = {isa = PBXBuildFile; productRef = F1271B17D2440AE2819663E4 /* FirebaseAnalytics */; };
		E1342CDFE88B3A8E6FA56720 /* ReminderEditView.swift in Sources */ = {isa = PBXBuildFile; fileRef = 10B09E583E80CAFD6FB0B00B /* ReminderEditView.swift */; };
		E34BF089DB64318A156D04FC /* GeofenceService.swift in Sources */ = {isa = PBXBuildFile; fileRef = C381B77439665CC8AE1FAD09 /* GeofenceService.swift */; };
		E52BA513BE4AE501CF46045C /* GetRecentMemoriesUseCase.swift in Sources */ = {isa = PBXBuildFile; fileRef = 684346C0E62E587DD828D4E3 /* GetRecentMemoriesUseCase.swift */; };
		E5E610B79CB1B5F9AABD3C09 /* ReminderRepository.swift in Sources */ = {isa = PBXBuildFile; fileRef = 27F8322DBC319060EA9AE58C /* ReminderRepository.swift */; };
		E72EBA7ED2EA6307A67FDD45 /* FirebaseMessaging in Frameworks */ = {isa = PBXBuildFile; productRef = E2B742583F36D94126C5C62D /* FirebaseMessaging */; };
		EB77DFF53A914DE0604CF062 /* ReminderStore.swift in Sources */ = {isa = PBXBuildFile; fileRef = CF0EC6011CDAB0903E2C8CF1 /* ReminderStore.swift */; };
		F289B7E4D93A1195B6C079CF /* GetUpcomingRemindersUseCase.swift in Sources */ = {isa = PBXBuildFile; fileRef = 777138EDB5DB30E93E3A5CB6 /* GetUpcomingRemindersUseCase.swift */; };
		FEF80496F4176AEC06034A9D /* VectorSearchEngine.swift in Sources */ = {isa = PBXBuildFile; fileRef = BEEFD0C5D1E2DA22982AB681 /* VectorSearchEngine.swift */; };
/* End PBXBuildFile section */

/* Begin PBXContainerItemProxy section */
		034BEFA2D034C662833CEC4A /* PBXContainerItemProxy */ = {
			isa = PBXContainerItemProxy;
			containerPortal = 2ABF35B0D4E36E4A2CCD6F93 /* Project object */;
			proxyType = 1;
			remoteGlobalIDString = D3742AB19497875A2926B542;
			remoteInfo = DailyMemory;
		};
/* End PBXContainerItemProxy section */

/* Begin PBXFileReference section */
		00131521D2CDB36BDB34ADD6 /* MemoryRepository.swift */ = {isa = PBXFileReference; lastKnownFileType = sourcecode.swift; path = MemoryRepository.swift; sourceTree = "<group>"; };
		00453B73C20C032AE562DE2A /* MoodTrendView.swift */ = {isa = PBXFileReference; lastKnownFileType = sourcecode.swift; path = MoodTrendView.swift; sourceTree = "<group>"; };
		00E1B07908B5CDDA6369C539 /* PremiumView.swift */ = {isa = PBXFileReference; lastKnownFileType = sourcecode.swift; path = PremiumView.swift; sourceTree = "<group>"; };
		01397027AEEFD64583E72B16 /* PersonEditView.swift */ = {isa = PBXFileReference; lastKnownFileType = sourcecode.swift; path = PersonEditView.swift; sourceTree = "<group>"; };
		0518F0C0C2671FDC76CE5123 /* ReminderRepositoryImpl.swift */ = {isa = PBXFileReference; lastKnownFileType = sourcecode.swift; path = ReminderRepositoryImpl.swift; sourceTree = "<group>"; };
		05393E7BD20294AD8D7F60EC /* NotificationService.swift */ = {isa = PBXFileReference; lastKnownFileType = sourcecode.swift; path = NotificationService.swift; sourceTree = "<group>"; };
		062A8A1DCD7DF60922039985 /* GetMemoryUseCase.swift */ = {isa = PBXFileReference; lastKnownFileType = sourcecode.swift; path = GetMemoryUseCase.swift; sourceTree = "<group>"; };
		066EC1573FE38ADA53920ED7 /* DailyMemoryWidget.swift */ = {isa = PBXFileReference; lastKnownFileType = sourcecode.swift; path = DailyMemoryWidget.swift; sourceTree = "<group>"; };
		072B74B28A469A2FB7F1AB50 /* ImageViews.swift */ = {isa = PBXFileReference; lastKnownFileType = sourcecode.swift; path = ImageViews.swift; sourceTree = "<group>"; };
		078A4BB7D9013BC1901B646E /* WidgetProvider.swift */ = {isa = PBXFileReference; lastKnownFileType = sourcecode.swift; path = WidgetProvider.swift; sourceTree = "<group>"; };
		07A1DE10EA0FBDEFFDB08245 /* AuthService.swift */ = {isa = PBXFileReference; lastKnownFileType = sourcecode.swift; path = AuthService.swift; sourceTree = "<group>"; };
		0993FF5D402DFF8CA98891A3 /* DailyMemory.app */ = {isa = PBXFileReference; includeInIndex = 0; lastKnownFileType = wrapper.application; path = DailyMemory.app; sourceTree = BUILT_PRODUCTS_DIR; };
		0B94EB348C94BB17C0CF2B31 /* AIAnalysisService.swift */ = {isa = PBXFileReference; lastKnownFileType = sourcecode.swift; path = AIAnalysisService.swift; sourceTree = "<group>"; };
		10A7187DDEE64C82510516ED /* DeleteMemoryUseCase.swift */ = {isa = PBXFileReference; lastKnownFileType = sourcecode.swift; path = DeleteMemoryUseCase.swift; sourceTree = "<group>"; };
		10B09E583E80CAFD6FB0B00B /* ReminderEditView.swift */ = {isa = PBXFileReference; lastKnownFileType = sourcecode.swift; path = ReminderEditView.swift; sourceTree = "<group>"; };
		15BB8C76A822A18A4D384645 /* UpdateMemoryUseCase.swift */ = {isa = PBXFileReference; lastKnownFileType = sourcecode.swift; path = UpdateMemoryUseCase.swift; sourceTree = "<group>"; };
		1DDDAC64BFD00C8E914D6C69 /* PhotoPickerView.swift */ = {isa = PBXFileReference; lastKnownFileType = sourcecode.swift; path = PhotoPickerView.swift; sourceTree = "<group>"; };
		1FD11CF87EBD979664E2ACAF /* GenerateSmartRemindersUseCase.swift */ = {isa = PBXFileReference; lastKnownFileType = sourcecode.swift; path = GenerateSmartRemindersUseCase.swift; sourceTree = "<group>"; };
		2140BBDE6845E60EFC7C10F9 /* SyncManager.swift */ = {isa = PBXFileReference; lastKnownFileType = sourcecode.swift; path = SyncManager.swift; sourceTree = "<group>"; };
		234BEE1B35C0A7A13182DEE3 /* SearchMemoriesUseCase.swift */ = {isa = PBXFileReference; lastKnownFileType = sourcecode.swift; path = SearchMemoriesUseCase.swift; sourceTree = "<group>"; };
		27F8322DBC319060EA9AE58C /* ReminderRepository.swift */ = {isa = PBXFileReference; lastKnownFileType = sourcecode.swift; path = ReminderRepository.swift; sourceTree = "<group>"; };
		2A98F11FF5408043E572F30E /* Info.plist */ = {isa = PBXFileReference; lastKnownFileType = text.plist; path = Info.plist; sourceTree = "<group>"; };
		2EEB84491D3F683BD9728748 /* GoogleService-Info.plist */ = {isa = PBXFileReference; lastKnownFileType = text.plist; path = "GoogleService-Info.plist"; sourceTree = "<group>"; };
		2FA793AD2C1C7643C1701C28 /* DailyMemoryApp.swift */ = {isa = PBXFileReference; lastKnownFileType = sourcecode.swift; path = DailyMemoryApp.swift; sourceTree = "<group>"; };
		321B9A2C4CCFA0A21B12BA08 /* Memory.swift */ = {isa = PBXFileReference; lastKnownFileType = sourcecode.swift; path = Memory.swift; sourceTree = "<group>"; };
		35AE5F14D223A9F12DC9A20E /* SearchView.swift */ = {isa = PBXFileReference; lastKnownFileType = sourcecode.swift; path = SearchView.swift; sourceTree = "<group>"; };
		3AF48AAF621985A789EBA2A7 /* CloudStorageService.swift */ = {isa = PBXFileReference; lastKnownFileType = sourcecode.swift; path = CloudStorageService.swift; sourceTree = "<group>"; };
		3C85FFB7B3E01456E1534AD7 /* StoreKitService.swift */ = {isa = PBXFileReference; lastKnownFileType = sourcecode.swift; path = StoreKitService.swift; sourceTree = "<group>"; };
		3E172BEB7C9EDABD93289421 /* SaveReminderUseCase.swift */ = {isa = PBXFileReference; lastKnownFileType = sourcecode.swift; path = SaveReminderUseCase.swift; sourceTree = "<group>"; };
		40F7782DC40C24E4D8B84B43 /* MemoryStore.swift */ = {isa = PBXFileReference; lastKnownFileType = sourcecode.swift; path = MemoryStore.swift; sourceTree = "<group>"; };
		43F4823BB5FFEB831790C4DC /* MemoryRepositoryImpl.swift */ = {isa = PBXFileReference; lastKnownFileType = sourcecode.swift; path = MemoryRepositoryImpl.swift; sourceTree = "<group>"; };
		4524B33215506D4ED088A252 /* UserPreferences.swift */ = {isa = PBXFileReference; lastKnownFileType = sourcecode.swift; path = UserPreferences.swift; sourceTree = "<group>"; };
		460AC509EA2720B44FDCE423 /* AnalyzeImageUseCase.swift */ = {isa = PBXFileReference; lastKnownFileType = sourcecode.swift; path = AnalyzeImageUseCase.swift; sourceTree = "<group>"; };
		4618375DDF43CC2E5ADC8ACD /* HomeView.swift */ = {isa = PBXFileReference; lastKnownFileType = sourcecode.swift; path = HomeView.swift; sourceTree = "<group>"; };
		491E52783BDF17D99BDCC556 /* DIContainer.swift */ = {isa = PBXFileReference; lastKnownFileType = sourcecode.swift; path = DIContainer.swift; sourceTree = "<group>"; };
		4C78E8E94CDD7ED5892A7592 /* PhotoService.swift */ = {isa = PBXFileReference; lastKnownFileType = sourcecode.swift; path = PhotoService.swift; sourceTree = "<group>"; };
		4CFADC64CC75785EBF3BAFE4 /* LoginView.swift */ = {isa = PBXFileReference; lastKnownFileType = sourcecode.swift; path = LoginView.swift; sourceTree = "<group>"; };
		4E8F043423008C623B41FFF3 /* DailyMemoryWidgetBundle.swift */ = {isa = PBXFileReference; lastKnownFileType = sourcecode.swift; path = DailyMemoryWidgetBundle.swift; sourceTree = "<group>"; };
		51A303222BDED75DA0249CA8 /* ChatView.swift */ = {isa = PBXFileReference; lastKnownFileType = sourcecode.swift; path = ChatView.swift; sourceTree = "<group>"; };
		543F43500B1A3456904880E4 /* SettingsView.swift */ = {isa = PBXFileReference; lastKnownFileType = sourcecode.swift; path = SettingsView.swift; sourceTree = "<group>"; };
		56319C0CD5CB0B3D8CC50BDB /* PersonListView.swift */ = {isa = PBXFileReference; lastKnownFileType = sourcecode.swift; path = PersonListView.swift; sourceTree = "<group>"; };
		59A0B5090360914B831CB35A /* Constants.swift */ = {isa = PBXFileReference; lastKnownFileType = sourcecode.swift; path = Constants.swift; sourceTree = "<group>"; };
		5DCA79E2D6E1121CB93314B6 /* HomeEmptyStateView.swift */ = {isa = PBXFileReference; lastKnownFileType = sourcecode.swift; path = HomeEmptyStateView.swift; sourceTree = "<group>"; };
		64150BCF44729A17A350ACA2 /* Date+Extensions.swift */ = {isa = PBXFileReference; lastKnownFileType = sourcecode.swift; path = "Date+Extensions.swift"; sourceTree = "<group>"; };
		684346C0E62E587DD828D4E3 /* GetRecentMemoriesUseCase.swift */ = {isa = PBXFileReference; lastKnownFileType = sourcecode.swift; path = GetRecentMemoriesUseCase.swift; sourceTree = "<group>"; };
		736EB723E15B793EC03BD81A /* DailyMemory.xcdatamodel */ = {isa = PBXFileReference; lastKnownFileType = wrapper.xcdatamodel; path = DailyMemory.xcdatamodel; sourceTree = "<group>"; };
		777138EDB5DB30E93E3A5CB6 /* GetUpcomingRemindersUseCase.swift */ = {isa = PBXFileReference; lastKnownFileType = sourcecode.swift; path = GetUpcomingRemindersUseCase.swift; sourceTree = "<group>"; };
		7A280BFF97A4A0C272CA9BE8 /* GetTodayRemindersUseCase.swift */ = {isa = PBXFileReference; lastKnownFileType = sourcecode.swift; path = GetTodayRemindersUseCase.swift; sourceTree = "<group>"; };
		7D68D5B77C714DF59E765966 /* MemoryEditView.swift */ = {isa = PBXFileReference; lastKnownFileType = sourcecode.swift; path = MemoryEditView.swift; sourceTree = "<group>"; };
		7F09BC6492BF3AE31E2CA6F0 /* Assets.xcassets */ = {isa = PBXFileReference; lastKnownFileType = folder.assetcatalog; path = Assets.xcassets; sourceTree = "<group>"; };
		7F6B8D6D0246CD67B9573427 /* DailyMemoryWidget.appex */ = {isa = PBXFileReference; includeInIndex = 0; lastKnownFileType = "wrapper.app-extension"; path = DailyMemoryWidget.appex; sourceTree = BUILT_PRODUCTS_DIR; };
		81914AE1E172D0B04C92DDB5 /* UpdatePersonUseCase.swift */ = {isa = PBXFileReference; lastKnownFileType = sourcecode.swift; path = UpdatePersonUseCase.swift; sourceTree = "<group>"; };
		8BEAF3F50F78F2AF76C2F4A7 /* AllMemoriesView.swift */ = {isa = PBXFileReference; lastKnownFileType = sourcecode.swift; path = AllMemoriesView.swift; sourceTree = "<group>"; };
		8C57B2763EC852036CED4A4F /* Info.plist */ = {isa = PBXFileReference; lastKnownFileType = text.plist; path = Info.plist; sourceTree = "<group>"; };
		8D353E9D3181CC440804673C /* PersonDetailView.swift */ = {isa = PBXFileReference; lastKnownFileType = sourcecode.swift; path = PersonDetailView.swift; sourceTree = "<group>"; };
		8D4907ECC8549927E9A72854 /* LocationPickerView.swift */ = {isa = PBXFileReference; lastKnownFileType = sourcecode.swift; path = LocationPickerView.swift; sourceTree = "<group>"; };
		9066B198056AA9AAB0755EBF /* SnoozeReminderUseCase.swift */ = {isa = PBXFileReference; lastKnownFileType = sourcecode.swift; path = SnoozeReminderUseCase.swift; sourceTree = "<group>"; };
		92A7DBD6C9C100BB26E92F70 /* Colors.swift */ = {isa = PBXFileReference; lastKnownFileType = sourcecode.swift; path = Colors.swift; sourceTree = "<group>"; };
		9809F2A5690C46832768175A /* MemoryDetailView.swift */ = {isa = PBXFileReference; lastKnownFileType = sourcecode.swift; path = MemoryDetailView.swift; sourceTree = "<group>"; };
		A61CF42C35727B011781DC2D /* PersonStore.swift */ = {isa = PBXFileReference; lastKnownFileType = sourcecode.swift; path = PersonStore.swift; sourceTree = "<group>"; };
		A64BDFE38DFA875897C767E9 /* AdvancedFilterView.swift */ = {isa = PBXFileReference; lastKnownFileType = sourcecode.swift; path = AdvancedFilterView.swift; sourceTree = "<group>"; };
		A763342EC0E6EC07C4D8189A /* GetPersonUseCase.swift */ = {isa = PBXFileReference; lastKnownFileType = sourcecode.swift; path = GetPersonUseCase.swift; sourceTree = "<group>"; };
		AA0C90CBDB1AAD855ABBFFFF /* PersonMemoriesView.swift */ = {isa = PBXFileReference; lastKnownFileType = sourcecode.swift; path = PersonMemoriesView.swift; sourceTree = "<group>"; };
		ABF6DE3489090735AEDD7C5D /* SavePersonUseCase.swift */ = {isa = PBXFileReference; lastKnownFileType = sourcecode.swift; path = SavePersonUseCase.swift; sourceTree = "<group>"; };
		AF9D6F939C9B555D8DB5AC4D /* HomeCards.swift */ = {isa = PBXFileReference; lastKnownFileType = sourcecode.swift; path = HomeCards.swift; sourceTree = "<group>"; };
		B33A784F31A7706957E9478C /* CoreDataModels.swift */ = {isa = PBXFileReference; lastKnownFileType = sourcecode.swift; path = CoreDataModels.swift; sourceTree = "<group>"; };
		B5833914133983C466C67BB1 /* LockScreenWidget.swift */ = {isa = PBXFileReference; lastKnownFileType = sourcecode.swift; path = LockScreenWidget.swift; sourceTree = "<group>"; };
		B904302C737870B6241D4757 /* EmbeddingService.swift */ = {isa = PBXFileReference; lastKnownFileType = sourcecode.swift; path = EmbeddingService.swift; sourceTree = "<group>"; };
		B928AB14EC59A1320AA9A410 /* PhotoGalleryView.swift */ = {isa = PBXFileReference; lastKnownFileType = sourcecode.swift; path = PhotoGalleryView.swift; sourceTree = "<group>"; };
		BA7E7FEBE700E9874DB599B0 /* APIClient.swift */ = {isa = PBXFileReference; lastKnownFileType = sourcecode.swift; path = APIClient.swift; sourceTree = "<group>"; };
		BAE3A74A0918F91453A644C5 /* SemanticSearchUseCase.swift */ = {isa = PBXFileReference; lastKnownFileType = sourcecode.swift; path = SemanticSearchUseCase.swift; sourceTree = "<group>"; };
		BEEFD0C5D1E2DA22982AB681 /* VectorSearchEngine.swift */ = {isa = PBXFileReference; lastKnownFileType = sourcecode.swift; path = VectorSearchEngine.swift; sourceTree = "<group>"; };
		C1126CF4F64B2E5AC107F2B1 /* GetAllPersonsUseCase.swift */ = {isa = PBXFileReference; lastKnownFileType = sourcecode.swift; path = GetAllPersonsUseCase.swift; sourceTree = "<group>"; };
		C2CE23D5B1436D643C67524C /* PersonRepository.swift */ = {isa = PBXFileReference; lastKnownFileType = sourcecode.swift; path = PersonRepository.swift; sourceTree = "<group>"; };
		C381B77439665CC8AE1FAD09 /* GeofenceService.swift */ = {isa = PBXFileReference; lastKnownFileType = sourcecode.swift; path = GeofenceService.swift; sourceTree = "<group>"; };
		C4874177ECA9F7FA328DBFD9 /* OnboardingView.swift */ = {isa = PBXFileReference; lastKnownFileType = sourcecode.swift; path = OnboardingView.swift; sourceTree = "<group>"; };
		C8E7796438FEE8ED6B9D6870 /* WidgetColors.swift */ = {isa = PBXFileReference; lastKnownFileType = sourcecode.swift; path = WidgetColors.swift; sourceTree = "<group>"; };
		CA3FAEC07436121DC47503D2 /* WidgetEntry.swift */ = {isa = PBXFileReference; lastKnownFileType = sourcecode.swift; path = WidgetEntry.swift; sourceTree = "<group>"; };
		CE2C71EFA9AC8DDB7D359F62 /* PersistenceController.swift */ = {isa = PBXFileReference; lastKnownFileType = sourcecode.swift; path = PersistenceController.swift; sourceTree = "<group>"; };
		CF0EC6011CDAB0903E2C8CF1 /* ReminderStore.swift */ = {isa = PBXFileReference; lastKnownFileType = sourcecode.swift; path = ReminderStore.swift; sourceTree = "<group>"; };
		D171FA370ED21975512233E6 /* StateViews.swift */ = {isa = PBXFileReference; lastKnownFileType = sourcecode.swift; path = StateViews.swift; sourceTree = "<group>"; };
		D2664A5D8BB7664DE91E50FA /* CompleteReminderUseCase.swift */ = {isa = PBXFileReference; lastKnownFileType = sourcecode.swift; path = CompleteReminderUseCase.swift; sourceTree = "<group>"; };
		D315825FCE454AAD88D7BA89 /* Reminder.swift */ = {isa = PBXFileReference; lastKnownFileType = sourcecode.swift; path = Reminder.swift; sourceTree = "<group>"; };
		D3A0EAC41FB3D095854BFF06 /* ImageAnalysisService.swift */ = {isa = PBXFileReference; lastKnownFileType = sourcecode.swift; path = ImageAnalysisService.swift; sourceTree = "<group>"; };
		DDAA0479B5F47C180805E839 /* RecordView.swift */ = {isa = PBXFileReference; lastKnownFileType = sourcecode.swift; path = RecordView.swift; sourceTree = "<group>"; };
		E0E66913394F149A2EFC2620 /* DeleteReminderUseCase.swift */ = {isa = PBXFileReference; lastKnownFileType = sourcecode.swift; path = DeleteReminderUseCase.swift; sourceTree = "<group>"; };
		E4AA261CB59DB46A72FA0A72 /* SpeechRecognitionService.swift */ = {isa = PBXFileReference; lastKnownFileType = sourcecode.swift; path = SpeechRecognitionService.swift; sourceTree = "<group>"; };
		E7EA283CAC2283584E209EF6 /* AnalyzeMemoryUseCase.swift */ = {isa = PBXFileReference; lastKnownFileType = sourcecode.swift; path = AnalyzeMemoryUseCase.swift; sourceTree = "<group>"; };
		EE5C2A98AEF6F4A552D5017E /* PersonRepositoryImpl.swift */ = {isa = PBXFileReference; lastKnownFileType = sourcecode.swift; path = PersonRepositoryImpl.swift; sourceTree = "<group>"; };
		F04F44FEFD3753DFCDF20A00 /* ContentView.swift */ = {isa = PBXFileReference; lastKnownFileType = sourcecode.swift; path = ContentView.swift; sourceTree = "<group>"; };
		F13B6348E75752FFAA7CA844 /* QuickRecordWidget.swift */ = {isa = PBXFileReference; lastKnownFileType = sourcecode.swift; path = QuickRecordWidget.swift; sourceTree = "<group>"; };
		F3ABB2BD8D87F86AEEC30574 /* FirestoreService.swift */ = {isa = PBXFileReference; lastKnownFileType = sourcecode.swift; path = FirestoreService.swift; sourceTree = "<group>"; };
		FAA20F0258D924C585B00E1D /* DeletePersonUseCase.swift */ = {isa = PBXFileReference; lastKnownFileType = sourcecode.swift; path = DeletePersonUseCase.swift; sourceTree = "<group>"; };
		FD1359BBDF9C4702889FE619 /* Person.swift */ = {isa = PBXFileReference; lastKnownFileType = sourcecode.swift; path = Person.swift; sourceTree = "<group>"; };
		FDC62DF24A809159B187F288 /* SaveSuccessView.swift */ = {isa = PBXFileReference; lastKnownFileType = sourcecode.swift; path = SaveSuccessView.swift; sourceTree = "<group>"; };
		FF2C0F31CCAC4E188A51AF3D /* SaveMemoryUseCase.swift */ = {isa = PBXFileReference; lastKnownFileType = sourcecode.swift; path = SaveMemoryUseCase.swift; sourceTree = "<group>"; };
		FF47ADAA7121D0AA0D132E83 /* ExportService.swift */ = {isa = PBXFileReference; lastKnownFileType = sourcecode.swift; path = ExportService.swift; sourceTree = "<group>"; };
		FF9FEDEC7B393F1F79C87374 /* UpdateReminderUseCase.swift */ = {isa = PBXFileReference; lastKnownFileType = sourcecode.swift; path = UpdateReminderUseCase.swift; sourceTree = "<group>"; };
/* End PBXFileReference section */

/* Begin PBXFrameworksBuildPhase section */
		356F92B89EBF5E82F66AF1C6 /* Frameworks */ = {
			isa = PBXFrameworksBuildPhase;
			buildActionMask = 2147483647;
			files = (
				9535F773448A447C0606411E /* FirebaseAuth in Frameworks */,
				9677943A02DB9D2DE41419E5 /* FirebaseFirestore in Frameworks */,
				DBEA743A7F4A0BF751FA2968 /* FirebaseStorage in Frameworks */,
				E0A4679757FEF70B24636FBB /* FirebaseAnalytics in Frameworks */,
				E72EBA7ED2EA6307A67FDD45 /* FirebaseMessaging in Frameworks */,
				546451A65D2D39D5FA21981C /* GoogleSignIn in Frameworks */,
				763461E12C1DC6E8DAA8D72B /* GoogleSignInSwift in Frameworks */,
			);
			runOnlyForDeploymentPostprocessing = 0;
		};
/* End PBXFrameworksBuildPhase section */

/* Begin PBXGroup section */
		00CE000C5A95B3533941BEBE /* Reminder */ = {
			isa = PBXGroup;
			children = (
				D2664A5D8BB7664DE91E50FA /* CompleteReminderUseCase.swift */,
				E0E66913394F149A2EFC2620 /* DeleteReminderUseCase.swift */,
				1FD11CF87EBD979664E2ACAF /* GenerateSmartRemindersUseCase.swift */,
				7A280BFF97A4A0C272CA9BE8 /* GetTodayRemindersUseCase.swift */,
				777138EDB5DB30E93E3A5CB6 /* GetUpcomingRemindersUseCase.swift */,
				3E172BEB7C9EDABD93289421 /* SaveReminderUseCase.swift */,
				9066B198056AA9AAB0755EBF /* SnoozeReminderUseCase.swift */,
				FF9FEDEC7B393F1F79C87374 /* UpdateReminderUseCase.swift */,
			);
			path = Reminder;
			sourceTree = "<group>";
		};
		072743E69552F14F044C2579 /* Person */ = {
			isa = PBXGroup;
			children = (
				8D353E9D3181CC440804673C /* PersonDetailView.swift */,
				01397027AEEFD64583E72B16 /* PersonEditView.swift */,
				56319C0CD5CB0B3D8CC50BDB /* PersonListView.swift */,
				AA0C90CBDB1AAD855ABBFFFF /* PersonMemoriesView.swift */,
			);
			path = Person;
			sourceTree = "<group>";
		};
		0EBF35384C972FFCD14F0A68 /* Record */ = {
			isa = PBXGroup;
			children = (
				DDAA0479B5F47C180805E839 /* RecordView.swift */,
			);
			path = Record;
			sourceTree = "<group>";
		};
		156D0401D8B8CB0E084EA99A /* Model */ = {
			isa = PBXGroup;
			children = (
				321B9A2C4CCFA0A21B12BA08 /* Memory.swift */,
				FD1359BBDF9C4702889FE619 /* Person.swift */,
				D315825FCE454AAD88D7BA89 /* Reminder.swift */,
			);
			path = Model;
			sourceTree = "<group>";
		};
		1AF49235B8B7A3615F0CD8C5 /* Products */ = {
			isa = PBXGroup;
			children = (
				0993FF5D402DFF8CA98891A3 /* DailyMemory.app */,
				7F6B8D6D0246CD67B9573427 /* DailyMemoryWidget.appex */,
			);
			name = Products;
			sourceTree = "<group>";
		};
		33554A0FA1A8141656A38931 /* Utils */ = {
			isa = PBXGroup;
			children = (
				59A0B5090360914B831CB35A /* Constants.swift */,
			);
			path = Utils;
			sourceTree = "<group>";
		};
		3382AE5FC4CC1103ECBAE1A8 /* Repository */ = {
			isa = PBXGroup;
			children = (
				43F4823BB5FFEB831790C4DC /* MemoryRepositoryImpl.swift */,
				EE5C2A98AEF6F4A552D5017E /* PersonRepositoryImpl.swift */,
				0518F0C0C2671FDC76CE5123 /* ReminderRepositoryImpl.swift */,
			);
			path = Repository;
			sourceTree = "<group>";
		};
		4F12DF55914C80C2EA88C4F9 /* Search */ = {
			isa = PBXGroup;
			children = (
				A64BDFE38DFA875897C767E9 /* AdvancedFilterView.swift */,
				35AE5F14D223A9F12DC9A20E /* SearchView.swift */,
			);
			path = Search;
			sourceTree = "<group>";
		};
		53DC688C806DD5BC5A9F200C /* AI */ = {
			isa = PBXGroup;
			children = (
				E7EA283CAC2283584E209EF6 /* AnalyzeMemoryUseCase.swift */,
			);
			path = AI;
			sourceTree = "<group>";
		};
		54B4D66DBA8C997073087802 /* UseCase */ = {
			isa = PBXGroup;
			children = (
				53DC688C806DD5BC5A9F200C /* AI */,
				EAB611844D25A30E896657FA /* Memory */,
				7CD49D918E48D4107233A856 /* Person */,
				E6AE062793863505506977CE /* Photo */,
				00CE000C5A95B3533941BEBE /* Reminder */,
				7F6F0309CD8A37FB3C4D0824 /* Search */,
			);
			path = UseCase;
			sourceTree = "<group>";
		};
		5765C9906104B36B68DF0F75 /* Auth */ = {
			isa = PBXGroup;
			children = (
				4CFADC64CC75785EBF3BAFE4 /* LoginView.swift */,
			);
			path = Auth;
			sourceTree = "<group>";
		};
		59D423A8BCB6B6DC02475456 /* DI */ = {
			isa = PBXGroup;
			children = (
				491E52783BDF17D99BDCC556 /* DIContainer.swift */,
			);
			path = DI;
			sourceTree = "<group>";
		};
		5B018985F739D744AB02BF94 /* Domain */ = {
			isa = PBXGroup;
			children = (
				156D0401D8B8CB0E084EA99A /* Model */,
				DF259BCB2052568D61749575 /* Repository */,
				54B4D66DBA8C997073087802 /* UseCase */,
			);
			path = Domain;
			sourceTree = "<group>";
		};
		5C34495A9FF4C46F7E50272D /* Resources */ = {
			isa = PBXGroup;
			children = (
				7F09BC6492BF3AE31E2CA6F0 /* Assets.xcassets */,
				8C57B2763EC852036CED4A4F /* Info.plist */,
				B833AB8759807525D0EC3D49 /* DailyMemory.xcdatamodeld */,
			);
			path = Resources;
			sourceTree = "<group>";
		};
		63FF94865372C4A6848DF070 /* Extensions */ = {
			isa = PBXGroup;
			children = (
				64150BCF44729A17A350ACA2 /* Date+Extensions.swift */,
			);
			path = Extensions;
			sourceTree = "<group>";
		};
		6B2ADD9B6DAB0C44A8C85FD3 = {
			isa = PBXGroup;
			children = (
				AE8DA2A8C15C28E2CA9EE7E6 /* DailyMemory */,
				89125AE833E4DF1DA979582C /* DailyMemoryWidget */,
				1AF49235B8B7A3615F0CD8C5 /* Products */,
			);
			sourceTree = "<group>";
		};
		78E5FBA78C41442D50E64580 /* Theme */ = {
			isa = PBXGroup;
			children = (
				92A7DBD6C9C100BB26E92F70 /* Colors.swift */,
			);
			path = Theme;
			sourceTree = "<group>";
		};
		7CD49D918E48D4107233A856 /* Person */ = {
			isa = PBXGroup;
			children = (
				FAA20F0258D924C585B00E1D /* DeletePersonUseCase.swift */,
				C1126CF4F64B2E5AC107F2B1 /* GetAllPersonsUseCase.swift */,
				A763342EC0E6EC07C4D8189A /* GetPersonUseCase.swift */,
				ABF6DE3489090735AEDD7C5D /* SavePersonUseCase.swift */,
				81914AE1E172D0B04C92DDB5 /* UpdatePersonUseCase.swift */,
			);
			path = Person;
			sourceTree = "<group>";
		};
		7F6F0309CD8A37FB3C4D0824 /* Search */ = {
			isa = PBXGroup;
			children = (
				BAE3A74A0918F91453A644C5 /* SemanticSearchUseCase.swift */,
			);
			path = Search;
			sourceTree = "<group>";
		};
		89125AE833E4DF1DA979582C /* DailyMemoryWidget */ = {
			isa = PBXGroup;
			children = (
				066EC1573FE38ADA53920ED7 /* DailyMemoryWidget.swift */,
				4E8F043423008C623B41FFF3 /* DailyMemoryWidgetBundle.swift */,
				2A98F11FF5408043E572F30E /* Info.plist */,
				B5833914133983C466C67BB1 /* LockScreenWidget.swift */,
				F13B6348E75752FFAA7CA844 /* QuickRecordWidget.swift */,
				C8E7796438FEE8ED6B9D6870 /* WidgetColors.swift */,
				CA3FAEC07436121DC47503D2 /* WidgetEntry.swift */,
				078A4BB7D9013BC1901B646E /* WidgetProvider.swift */,
			);
			path = DailyMemoryWidget;
			sourceTree = "<group>";
		};
		8F51D29633BCE81560CFC91E /* Local */ = {
			isa = PBXGroup;
			children = (
				B33A784F31A7706957E9478C /* CoreDataModels.swift */,
				40F7782DC40C24E4D8B84B43 /* MemoryStore.swift */,
				A61CF42C35727B011781DC2D /* PersonStore.swift */,
				CF0EC6011CDAB0903E2C8CF1 /* ReminderStore.swift */,
				4524B33215506D4ED088A252 /* UserPreferences.swift */,
				BEEFD0C5D1E2DA22982AB681 /* VectorSearchEngine.swift */,
			);
			path = Local;
			sourceTree = "<group>";
		};
		96C6ED433C88C46A80136AE2 /* Memory */ = {
			isa = PBXGroup;
			children = (
				8BEAF3F50F78F2AF76C2F4A7 /* AllMemoriesView.swift */,
				9809F2A5690C46832768175A /* MemoryDetailView.swift */,
				7D68D5B77C714DF59E765966 /* MemoryEditView.swift */,
			);
			path = Memory;
			sourceTree = "<group>";
		};
		A08545310BC57CBA05402C6A /* App */ = {
			isa = PBXGroup;
			children = (
				F04F44FEFD3753DFCDF20A00 /* ContentView.swift */,
				2FA793AD2C1C7643C1701C28 /* DailyMemoryApp.swift */,
				CE2C71EFA9AC8DDB7D359F62 /* PersistenceController.swift */,
			);
			path = App;
			sourceTree = "<group>";
		};
		A222460A0CD292A37F3D1649 /* Service */ = {
			isa = PBXGroup;
			children = (
				FF47ADAA7121D0AA0D132E83 /* ExportService.swift */,
				C381B77439665CC8AE1FAD09 /* GeofenceService.swift */,
				05393E7BD20294AD8D7F60EC /* NotificationService.swift */,
				4C78E8E94CDD7ED5892A7592 /* PhotoService.swift */,
				E4AA261CB59DB46A72FA0A72 /* SpeechRecognitionService.swift */,
				3C85FFB7B3E01456E1534AD7 /* StoreKitService.swift */,
			);
			path = Service;
			sourceTree = "<group>";
		};
		A8C44A0C7768F76FD42E4EC1 /* Chat */ = {
			isa = PBXGroup;
			children = (
				51A303222BDED75DA0249CA8 /* ChatView.swift */,
			);
			path = Chat;
			sourceTree = "<group>";
		};
		AE8DA2A8C15C28E2CA9EE7E6 /* DailyMemory */ = {
			isa = PBXGroup;
			children = (
				2EEB84491D3F683BD9728748 /* GoogleService-Info.plist */,
				A08545310BC57CBA05402C6A /* App */,
				DA4242C7FB473DA94E661B10 /* Core */,
				CEF400F1DFA08B26E84AAAF2 /* Data */,
				5B018985F739D744AB02BF94 /* Domain */,
				F40C3707B6EB4154D3DF59C3 /* Presentation */,
				5C34495A9FF4C46F7E50272D /* Resources */,
			);
			path = DailyMemory;
			sourceTree = "<group>";
		};
		B14C59C4DC193D96E48D5F05 /* Settings */ = {
			isa = PBXGroup;
			children = (
				543F43500B1A3456904880E4 /* SettingsView.swift */,
			);
			path = Settings;
			sourceTree = "<group>";
		};
		B7C97794F8A6B815F6DDF197 /* Reminder */ = {
			isa = PBXGroup;
			children = (
				8D4907ECC8549927E9A72854 /* LocationPickerView.swift */,
				10B09E583E80CAFD6FB0B00B /* ReminderEditView.swift */,
			);
			path = Reminder;
			sourceTree = "<group>";
		};
		BA154540BAEC3E189A8DA293 /* Components */ = {
			isa = PBXGroup;
			children = (
				072B74B28A469A2FB7F1AB50 /* ImageViews.swift */,
				FDC62DF24A809159B187F288 /* SaveSuccessView.swift */,
				D171FA370ED21975512233E6 /* StateViews.swift */,
			);
			path = Components;
			sourceTree = "<group>";
		};
		CD19E64130CF80B38277BE1F /* Premium */ = {
			isa = PBXGroup;
			children = (
				00E1B07908B5CDDA6369C539 /* PremiumView.swift */,
			);
			path = Premium;
			sourceTree = "<group>";
		};
		CE8AA4E3F54E1939AABCAFE0 /* Common */ = {
			isa = PBXGroup;
			children = (
				BA154540BAEC3E189A8DA293 /* Components */,
				78E5FBA78C41442D50E64580 /* Theme */,
			);
			path = Common;
			sourceTree = "<group>";
		};
		CEF400F1DFA08B26E84AAAF2 /* Data */ = {
			isa = PBXGroup;
			children = (
				8F51D29633BCE81560CFC91E /* Local */,
				FFC7103F969F5AB801CE6985 /* Remote */,
				3382AE5FC4CC1103ECBAE1A8 /* Repository */,
				A222460A0CD292A37F3D1649 /* Service */,
			);
			path = Data;
			sourceTree = "<group>";
		};
		DA4242C7FB473DA94E661B10 /* Core */ = {
			isa = PBXGroup;
			children = (
				59D423A8BCB6B6DC02475456 /* DI */,
				63FF94865372C4A6848DF070 /* Extensions */,
				33554A0FA1A8141656A38931 /* Utils */,
			);
			path = Core;
			sourceTree = "<group>";
		};
		DF259BCB2052568D61749575 /* Repository */ = {
			isa = PBXGroup;
			children = (
				00131521D2CDB36BDB34ADD6 /* MemoryRepository.swift */,
				C2CE23D5B1436D643C67524C /* PersonRepository.swift */,
				27F8322DBC319060EA9AE58C /* ReminderRepository.swift */,
			);
			path = Repository;
			sourceTree = "<group>";
		};
		DF4A14545472CED93FF58B4D /* Onboarding */ = {
			isa = PBXGroup;
			children = (
				C4874177ECA9F7FA328DBFD9 /* OnboardingView.swift */,
			);
			path = Onboarding;
			sourceTree = "<group>";
		};
		E6AE062793863505506977CE /* Photo */ = {
			isa = PBXGroup;
			children = (
				460AC509EA2720B44FDCE423 /* AnalyzeImageUseCase.swift */,
			);
			path = Photo;
			sourceTree = "<group>";
		};
		E9D622B1AB199EE5BDBFABC0 /* Home */ = {
			isa = PBXGroup;
			children = (
				AF9D6F939C9B555D8DB5AC4D /* HomeCards.swift */,
				5DCA79E2D6E1121CB93314B6 /* HomeEmptyStateView.swift */,
				4618375DDF43CC2E5ADC8ACD /* HomeView.swift */,
				00453B73C20C032AE562DE2A /* MoodTrendView.swift */,
			);
			path = Home;
			sourceTree = "<group>";
		};
		EA7CD5706F485DB50FE23C3D /* Photo */ = {
			isa = PBXGroup;
			children = (
				B928AB14EC59A1320AA9A410 /* PhotoGalleryView.swift */,
				1DDDAC64BFD00C8E914D6C69 /* PhotoPickerView.swift */,
			);
			path = Photo;
			sourceTree = "<group>";
		};
		EAB611844D25A30E896657FA /* Memory */ = {
			isa = PBXGroup;
			children = (
				10A7187DDEE64C82510516ED /* DeleteMemoryUseCase.swift */,
				062A8A1DCD7DF60922039985 /* GetMemoryUseCase.swift */,
				684346C0E62E587DD828D4E3 /* GetRecentMemoriesUseCase.swift */,
				FF2C0F31CCAC4E188A51AF3D /* SaveMemoryUseCase.swift */,
				234BEE1B35C0A7A13182DEE3 /* SearchMemoriesUseCase.swift */,
				15BB8C76A822A18A4D384645 /* UpdateMemoryUseCase.swift */,
			);
			path = Memory;
			sourceTree = "<group>";
		};
		F40C3707B6EB4154D3DF59C3 /* Presentation */ = {
			isa = PBXGroup;
			children = (
				5765C9906104B36B68DF0F75 /* Auth */,
				A8C44A0C7768F76FD42E4EC1 /* Chat */,
				CE8AA4E3F54E1939AABCAFE0 /* Common */,
				E9D622B1AB199EE5BDBFABC0 /* Home */,
				96C6ED433C88C46A80136AE2 /* Memory */,
				DF4A14545472CED93FF58B4D /* Onboarding */,
				072743E69552F14F044C2579 /* Person */,
				EA7CD5706F485DB50FE23C3D /* Photo */,
				CD19E64130CF80B38277BE1F /* Premium */,
				0EBF35384C972FFCD14F0A68 /* Record */,
				B7C97794F8A6B815F6DDF197 /* Reminder */,
				4F12DF55914C80C2EA88C4F9 /* Search */,
				B14C59C4DC193D96E48D5F05 /* Settings */,
			);
			path = Presentation;
			sourceTree = "<group>";
		};
		FFC7103F969F5AB801CE6985 /* Remote */ = {
			isa = PBXGroup;
			children = (
				0B94EB348C94BB17C0CF2B31 /* AIAnalysisService.swift */,
				BA7E7FEBE700E9874DB599B0 /* APIClient.swift */,
				07A1DE10EA0FBDEFFDB08245 /* AuthService.swift */,
				3AF48AAF621985A789EBA2A7 /* CloudStorageService.swift */,
				B904302C737870B6241D4757 /* EmbeddingService.swift */,
				F3ABB2BD8D87F86AEEC30574 /* FirestoreService.swift */,
				D3A0EAC41FB3D095854BFF06 /* ImageAnalysisService.swift */,
				2140BBDE6845E60EFC7C10F9 /* SyncManager.swift */,
			);
			path = Remote;
			sourceTree = "<group>";
		};
/* End PBXGroup section */

/* Begin PBXNativeTarget section */
		D3742AB19497875A2926B542 /* DailyMemory */ = {
			isa = PBXNativeTarget;
			buildConfigurationList = 635B02CEBD9432E62DB0FF7E /* Build configuration list for PBXNativeTarget "DailyMemory" */;
			buildPhases = (
				550807A3BA53F7F9A8BCB504 /* Sources */,
				DFC0BBD1EAF7A9AC5D22B405 /* Resources */,
				356F92B89EBF5E82F66AF1C6 /* Frameworks */,
			);
			buildRules = (
			);
			dependencies = (
			);
			name = DailyMemory;
			packageProductDependencies = (
				385E167D0721D57DCA8B840C /* FirebaseAuth */,
				11E667083F641FF65E88F973 /* FirebaseFirestore */,
				833428D35531325DEAF04541 /* FirebaseStorage */,
				F1271B17D2440AE2819663E4 /* FirebaseAnalytics */,
				E2B742583F36D94126C5C62D /* FirebaseMessaging */,
				FBFFB665121250630C8DE726 /* GoogleSignIn */,
				92B494BA76066A2C4A57736D /* GoogleSignInSwift */,
			);
			productName = DailyMemory;
			productReference = 0993FF5D402DFF8CA98891A3 /* DailyMemory.app */;
			productType = "com.apple.product-type.application";
		};
		FADB18C12EB23C211116E70D /* DailyMemoryWidget */ = {
			isa = PBXNativeTarget;
			buildConfigurationList = 1A7CA185C325B803468B18C4 /* Build configuration list for PBXNativeTarget "DailyMemoryWidget" */;
			buildPhases = (
				2E8B8A41E2FA96AC3B3DEBE0 /* Sources */,
			);
			buildRules = (
			);
			dependencies = (
				7F6CBAB8FB0CE34840FD5BCD /* PBXTargetDependency */,
			);
			name = DailyMemoryWidget;
			packageProductDependencies = (
			);
			productName = DailyMemoryWidget;
			productReference = 7F6B8D6D0246CD67B9573427 /* DailyMemoryWidget.appex */;
			productType = "com.apple.product-type.app-extension";
		};
/* End PBXNativeTarget section */

/* Begin PBXProject section */
		2ABF35B0D4E36E4A2CCD6F93 /* Project object */ = {
			isa = PBXProject;
			attributes = {
				BuildIndependentTargetsInParallel = YES;
				LastUpgradeCheck = 1540;
				TargetAttributes = {
					D3742AB19497875A2926B542 = {
						DevelopmentTeam = "";
						ProvisioningStyle = Automatic;
					};
					FADB18C12EB23C211116E70D = {
						DevelopmentTeam = "";
						ProvisioningStyle = Automatic;
					};
				};
			};
			buildConfigurationList = 72C2E4731DAE82CBF83F8B29 /* Build configuration list for PBXProject "DailyMemory" */;
			developmentRegion = en;
			hasScannedForEncodings = 0;
			knownRegions = (
				Base,
				en,
			);
			mainGroup = 6B2ADD9B6DAB0C44A8C85FD3;
			minimizedProjectReferenceProxies = 1;
			packageReferences = (
				2AF095E884E8A601D25CA479 /* XCRemoteSwiftPackageReference "firebase-ios-sdk" */,
				07FAAECCC4BBEA155C3898DD /* XCRemoteSwiftPackageReference "GoogleSignIn-iOS" */,
			);
			preferredProjectObjectVersion = 56;
			productRefGroup = 1AF49235B8B7A3615F0CD8C5 /* Products */;
			projectDirPath = "";
			projectRoot = "";
			targets = (
				D3742AB19497875A2926B542 /* DailyMemory */,
				FADB18C12EB23C211116E70D /* DailyMemoryWidget */,
			);
		};
/* End PBXProject section */

/* Begin PBXResourcesBuildPhase section */
		DFC0BBD1EAF7A9AC5D22B405 /* Resources */ = {
			isa = PBXResourcesBuildPhase;
			buildActionMask = 2147483647;
			files = (
				69659CE067DBE6AB71D0674C /* Assets.xcassets in Resources */,
				B75E1229DD3458E133366DBA /* GoogleService-Info.plist in Resources */,
			);
			runOnlyForDeploymentPostprocessing = 0;
		};
/* End PBXResourcesBuildPhase section */

/* Begin PBXSourcesBuildPhase section */
		2E8B8A41E2FA96AC3B3DEBE0 /* Sources */ = {
			isa = PBXSourcesBuildPhase;
			buildActionMask = 2147483647;
			files = (
				AE912CBFB5CDABC8C09FE97F /* DailyMemoryWidget.swift in Sources */,
				A0D1F299DB75C377CAFDAD88 /* DailyMemoryWidgetBundle.swift in Sources */,
				0D35F246D9521C5FF6091F57 /* LockScreenWidget.swift in Sources */,
				52D4D8547DF0E53B520CE0A1 /* QuickRecordWidget.swift in Sources */,
				6ED79402CD85F928A7C56CE0 /* WidgetColors.swift in Sources */,
				DB4929EC4E8549CFFA9AF681 /* WidgetEntry.swift in Sources */,
				490FDD2D158C3FDBB85E95DB /* WidgetProvider.swift in Sources */,
			);
			runOnlyForDeploymentPostprocessing = 0;
		};
		550807A3BA53F7F9A8BCB504 /* Sources */ = {
			isa = PBXSourcesBuildPhase;
			buildActionMask = 2147483647;
			files = (
				3FE6ECE08411B0DA8205F281 /* AIAnalysisService.swift in Sources */,
				858764E78799986602DF1C57 /* APIClient.swift in Sources */,
				02B2F9FCB684080709C7861A /* AdvancedFilterView.swift in Sources */,
				0EC688FFC96B53FF65E463BC /* AllMemoriesView.swift in Sources */,
				4F33EDB57830FF76A152DD0E /* AnalyzeImageUseCase.swift in Sources */,
				7C8086587748FC57176AA151 /* AnalyzeMemoryUseCase.swift in Sources */,
				CA0B0C0F778602C4F8629B01 /* AuthService.swift in Sources */,
				9961129426BF0DADE98A195A /* ChatView.swift in Sources */,
				1C969002B6EF337AB225EA6E /* CloudStorageService.swift in Sources */,
				0425806CCCDCB0B700F4E9C1 /* Colors.swift in Sources */,
				CA1805EB4AD05CAC2CEE2C2E /* CompleteReminderUseCase.swift in Sources */,
				2787B9ABA20F696F38BAB0D3 /* Constants.swift in Sources */,
				B92BD1481CED6F1678235D60 /* ContentView.swift in Sources */,
				DB30585B72978530E8F54CA1 /* CoreDataModels.swift in Sources */,
				9595AF89D886283102177CBA /* DIContainer.swift in Sources */,
				DE337D714275E39FAF7665AB /* DailyMemory.xcdatamodeld in Sources */,
				2F277FC7F28CCE495381A6D2 /* DailyMemoryApp.swift in Sources */,
				BD6153FC54FBB816D5413538 /* Date+Extensions.swift in Sources */,
				DDF23292165199A635753A03 /* DeleteMemoryUseCase.swift in Sources */,
				3C0BCA8DFCAC20E2C18F31C2 /* DeletePersonUseCase.swift in Sources */,
				DA351B8BBD64CE8A4A0499D5 /* DeleteReminderUseCase.swift in Sources */,
				560257ECA9D12C0CD3AA7EF1 /* EmbeddingService.swift in Sources */,
				C6B47BD2CB71D5F7C1E9AEEE /* ExportService.swift in Sources */,
				32D4C0CF6D69CA3FA522177A /* FirestoreService.swift in Sources */,
				3456FE4A95DCFD9B4D5E1052 /* GenerateSmartRemindersUseCase.swift in Sources */,
				E34BF089DB64318A156D04FC /* GeofenceService.swift in Sources */,
				16C459A0393ADBBF11F3526D /* GetAllPersonsUseCase.swift in Sources */,
				0A02FB50711DCE8426CED0A0 /* GetMemoryUseCase.swift in Sources */,
				350FEEE40925FA45D2765165 /* GetPersonUseCase.swift in Sources */,
				E52BA513BE4AE501CF46045C /* GetRecentMemoriesUseCase.swift in Sources */,
				A0157D31D38F6B309B9D2CB7 /* GetTodayRemindersUseCase.swift in Sources */,
				F289B7E4D93A1195B6C079CF /* GetUpcomingRemindersUseCase.swift in Sources */,
				07DCD998BE4EABCBA7A26266 /* HomeCards.swift in Sources */,
				75C484D5AAD48F56ECECB0E0 /* HomeEmptyStateView.swift in Sources */,
				40DBBCDF9F3F1BA9997243E3 /* HomeView.swift in Sources */,
				D49FCA6A4F47EEC42321DDFC /* ImageAnalysisService.swift in Sources */,
				01E49AB07F0C0EFF14F464FD /* ImageViews.swift in Sources */,
				D1D078804772A197F4B455CF /* LocationPickerView.swift in Sources */,
				5A73F8BCEAF1E2AA4AEC3AB0 /* LoginView.swift in Sources */,
				A33B08012A2E7537C858C574 /* Memory.swift in Sources */,
				B908AB85D1216F053412F2F8 /* MemoryDetailView.swift in Sources */,
				5BCEC865FBACD736B5EE37D8 /* MemoryEditView.swift in Sources */,
				9A760EFF57ABF0D20894E440 /* MemoryRepository.swift in Sources */,
				7206CF65EC565F00786BA994 /* MemoryRepositoryImpl.swift in Sources */,
				B07F78F7FDF5A7FEB132B759 /* MemoryStore.swift in Sources */,
				A95A6B637B7CB3D6A0BD66F4 /* MoodTrendView.swift in Sources */,
				198CB3A5DA9C1F5D2961F838 /* NotificationService.swift in Sources */,
				1A03BDAF61D966654710814B /* OnboardingView.swift in Sources */,
				35F14DE302F5AD335A445120 /* PersistenceController.swift in Sources */,
				BE90A52D3A1F2C0B67B00875 /* Person.swift in Sources */,
				00D97FA00591A22DE9BC1CEB /* PersonDetailView.swift in Sources */,
				3EBA02238A2C06D9D8CDA665 /* PersonEditView.swift in Sources */,
				15E440E75CB08A5175778614 /* PersonListView.swift in Sources */,
				9B58EBC8CF9E412B30F7A6FD /* PersonMemoriesView.swift in Sources */,
				5724014BC51FBE86F9E99DC0 /* PersonRepository.swift in Sources */,
				63590AA061D1EC1D9BDC37A2 /* PersonRepositoryImpl.swift in Sources */,
				4CD1B42FF833090CC37AAD8E /* PersonStore.swift in Sources */,
				9721F9FA9E0631A468BA7ADE /* PhotoGalleryView.swift in Sources */,
				3B2C57EC880FEF5403817918 /* PhotoPickerView.swift in Sources */,
				3160A8A8DA25F3A223B31B5B /* PhotoService.swift in Sources */,
				5B8B3CB62714F4C4B4E7E047 /* PremiumView.swift in Sources */,
				5F723B600D8977993F38E6EF /* RecordView.swift in Sources */,
				90132A51A4A27AD8F483B136 /* Reminder.swift in Sources */,
				E1342CDFE88B3A8E6FA56720 /* ReminderEditView.swift in Sources */,
				E5E610B79CB1B5F9AABD3C09 /* ReminderRepository.swift in Sources */,
				18BD0E6026503C2175AEDB26 /* ReminderRepositoryImpl.swift in Sources */,
				EB77DFF53A914DE0604CF062 /* ReminderStore.swift in Sources */,
				51B8D1AE4EBEEB2773AA2D0A /* SaveMemoryUseCase.swift in Sources */,
				6B125A840F0840263E2B2066 /* SavePersonUseCase.swift in Sources */,
				22C98E45CBE5FE8D90F1DE52 /* SaveReminderUseCase.swift in Sources */,
				B2DAB5E56EDE883BA0DC7CFE /* SaveSuccessView.swift in Sources */,
				A6A6CC42D6A80B4D2AAC906B /* SearchMemoriesUseCase.swift in Sources */,
				99A56BE54CA1610B817747EF /* SearchView.swift in Sources */,
				0605A2C999CF7DBE42955502 /* SemanticSearchUseCase.swift in Sources */,
				6825EF526FDA6C767FD51CDC /* SettingsView.swift in Sources */,
				5D04AD070DFB51B9FBED172C /* SnoozeReminderUseCase.swift in Sources */,
				4DE30E0D3A65617A0056C93D /* SpeechRecognitionService.swift in Sources */,
				9F5701754B47F7BA0521018A /* StateViews.swift in Sources */,
				B6D4EA91C4FD57038DC81F03 /* StoreKitService.swift in Sources */,
				A8CE945AE5ACC9CA92C535E8 /* SyncManager.swift in Sources */,
				37A4865067FB1200C6BA9A70 /* UpdateMemoryUseCase.swift in Sources */,
				AF9F4314638D831337B4DA1C /* UpdatePersonUseCase.swift in Sources */,
				0741BFF8CF093E4E593844DE /* UpdateReminderUseCase.swift in Sources */,
				0472017F9825AB8030B93101 /* UserPreferences.swift in Sources */,
				FEF80496F4176AEC06034A9D /* VectorSearchEngine.swift in Sources */,
			);
			runOnlyForDeploymentPostprocessing = 0;
		};
/* End PBXSourcesBuildPhase section */

/* Begin PBXTargetDependency section */
		7F6CBAB8FB0CE34840FD5BCD /* PBXTargetDependency */ = {
			isa = PBXTargetDependency;
			target = D3742AB19497875A2926B542 /* DailyMemory */;
			targetProxy = 034BEFA2D034C662833CEC4A /* PBXContainerItemProxy */;
		};
/* End PBXTargetDependency section */

/* Begin XCBuildConfiguration section */
		1290FF96E48037AAB12D9A6D /* Release */ = {
			isa = XCBuildConfiguration;
			buildSettings = {
				ALWAYS_SEARCH_USER_PATHS = NO;
				CLANG_ANALYZER_NONNULL = YES;
				CLANG_ANALYZER_NUMBER_OBJECT_CONVERSION = YES_AGGRESSIVE;
				CLANG_CXX_LANGUAGE_STANDARD = "gnu++14";
				CLANG_CXX_LIBRARY = "libc++";
				CLANG_ENABLE_MODULES = YES;
				CLANG_ENABLE_OBJC_ARC = YES;
				CLANG_ENABLE_OBJC_WEAK = YES;
				CLANG_WARN_BLOCK_CAPTURE_AUTORELEASING = YES;
				CLANG_WARN_BOOL_CONVERSION = YES;
				CLANG_WARN_COMMA = YES;
				CLANG_WARN_CONSTANT_CONVERSION = YES;
				CLANG_WARN_DEPRECATED_OBJC_IMPLEMENTATIONS = YES;
				CLANG_WARN_DIRECT_OBJC_ISA_USAGE = YES_ERROR;
				CLANG_WARN_DOCUMENTATION_COMMENTS = YES;
				CLANG_WARN_EMPTY_BODY = YES;
				CLANG_WARN_ENUM_CONVERSION = YES;
				CLANG_WARN_INFINITE_RECURSION = YES;
				CLANG_WARN_INT_CONVERSION = YES;
				CLANG_WARN_NON_LITERAL_NULL_CONVERSION = YES;
				CLANG_WARN_OBJC_IMPLICIT_RETAIN_SELF = YES;
				CLANG_WARN_OBJC_LITERAL_CONVERSION = YES;
				CLANG_WARN_OBJC_ROOT_CLASS = YES_ERROR;
				CLANG_WARN_QUOTED_INCLUDE_IN_FRAMEWORK_HEADER = YES;
				CLANG_WARN_RANGE_LOOP_ANALYSIS = YES;
				CLANG_WARN_STRICT_PROTOTYPES = YES;
				CLANG_WARN_SUSPICIOUS_MOVE = YES;
				CLANG_WARN_UNGUARDED_AVAILABILITY = YES_AGGRESSIVE;
				CLANG_WARN_UNREACHABLE_CODE = YES;
				CLANG_WARN__DUPLICATE_METHOD_MATCH = YES;
				CODE_SIGN_STYLE = Automatic;
				COPY_PHASE_STRIP = NO;
				DEBUG_INFORMATION_FORMAT = "dwarf-with-dsym";
				DEVELOPMENT_TEAM = "";
				ENABLE_NS_ASSERTIONS = NO;
				ENABLE_STRICT_OBJC_MSGSEND = YES;
				GCC_C_LANGUAGE_STANDARD = gnu11;
				GCC_NO_COMMON_BLOCKS = YES;
				GCC_WARN_64_TO_32_BIT_CONVERSION = YES;
				GCC_WARN_ABOUT_RETURN_TYPE = YES_ERROR;
				GCC_WARN_UNDECLARED_SELECTOR = YES;
				GCC_WARN_UNINITIALIZED_AUTOS = YES_AGGRESSIVE;
				GCC_WARN_UNUSED_FUNCTION = YES;
				GCC_WARN_UNUSED_VARIABLE = YES;
				IPHONEOS_DEPLOYMENT_TARGET = 16.0;
				MTL_ENABLE_DEBUG_INFO = NO;
				MTL_FAST_MATH = YES;
				PRODUCT_NAME = "$(TARGET_NAME)";
				SDKROOT = iphoneos;
				SWIFT_COMPILATION_MODE = wholemodule;
				SWIFT_OPTIMIZATION_LEVEL = "-O";
				SWIFT_VERSION = 5.9;
				TARGETED_DEVICE_FAMILY = "1,2";
			};
			name = Release;
		};
		230DCD47F59C5B6296592F0C /* Debug */ = {
			isa = XCBuildConfiguration;
			buildSettings = {
				CURRENT_PROJECT_VERSION = 1;
				GENERATE_INFOPLIST_FILE = YES;
				INFOPLIST_FILE = DailyMemoryWidget/Info.plist;
				INFOPLIST_KEY_CFBundleDisplayName = DailyMemoryWidget;
				INFOPLIST_KEY_NSHumanReadableCopyright = "";
				IPHONEOS_DEPLOYMENT_TARGET = 17.0;
				LD_RUNPATH_SEARCH_PATHS = (
					"$(inherited)",
					"@executable_path/Frameworks",
					"@executable_path/../../Frameworks",
				);
				MARKETING_VERSION = 1.0.0;
				PRODUCT_BUNDLE_IDENTIFIER = com.effortmoney.dailymemory.widget;
				SDKROOT = iphoneos;
				TARGETED_DEVICE_FAMILY = "1,2";
			};
			name = Debug;
		};
		4FD094276411A9AA951826B5 /* Release */ = {
			isa = XCBuildConfiguration;
			buildSettings = {
				CURRENT_PROJECT_VERSION = 1;
				GENERATE_INFOPLIST_FILE = YES;
				INFOPLIST_FILE = DailyMemoryWidget/Info.plist;
				INFOPLIST_KEY_CFBundleDisplayName = DailyMemoryWidget;
				INFOPLIST_KEY_NSHumanReadableCopyright = "";
				IPHONEOS_DEPLOYMENT_TARGET = 17.0;
				LD_RUNPATH_SEARCH_PATHS = (
					"$(inherited)",
					"@executable_path/Frameworks",
					"@executable_path/../../Frameworks",
				);
				MARKETING_VERSION = 1.0.0;
				PRODUCT_BUNDLE_IDENTIFIER = com.effortmoney.dailymemory.widget;
				SDKROOT = iphoneos;
				TARGETED_DEVICE_FAMILY = "1,2";
			};
			name = Release;
		};
		6C665B55F94C7310A25F8BD6 /* Debug */ = {
			isa = XCBuildConfiguration;
			buildSettings = {
				ASSETCATALOG_COMPILER_APPICON_NAME = AppIcon;
				CODE_SIGN_IDENTITY = "iPhone Developer";
				CURRENT_PROJECT_VERSION = 1;
				GENERATE_INFOPLIST_FILE = YES;
				INFOPLIST_FILE = DailyMemory/Resources/Info.plist;
				INFOPLIST_KEY_CFBundleDisplayName = Engram;
				INFOPLIST_KEY_NSCameraUsageDescription = "Engram can capture photos to add to your memories";
				INFOPLIST_KEY_NSMicrophoneUsageDescription = "Engram needs microphone access for voice recording";
				INFOPLIST_KEY_NSPhotoLibraryUsageDescription = "Engram needs access to your photos to attach them to memories";
				INFOPLIST_KEY_NSSpeechRecognitionUsageDescription = "Engram uses speech recognition to transcribe your voice memos";
				INFOPLIST_KEY_NSUserNotificationsUsageDescription = "Engram sends reminders for your important memories";
				INFOPLIST_KEY_UIApplicationSceneManifest_Generation = YES;
				INFOPLIST_KEY_UIApplicationSupportsIndirectInputEvents = YES;
				INFOPLIST_KEY_UIBackgroundModes = "remote-notification";
				INFOPLIST_KEY_UILaunchScreen_Generation = YES;
				INFOPLIST_KEY_UISupportedInterfaceOrientations_iPad = "UIInterfaceOrientationPortrait UIInterfaceOrientationPortraitUpsideDown UIInterfaceOrientationLandscapeLeft UIInterfaceOrientationLandscapeRight";
				INFOPLIST_KEY_UISupportedInterfaceOrientations_iPhone = "UIInterfaceOrientationPortrait UIInterfaceOrientationLandscapeLeft UIInterfaceOrientationLandscapeRight";
				LD_RUNPATH_SEARCH_PATHS = (
					"$(inherited)",
					"@executable_path/Frameworks",
				);
				MARKETING_VERSION = 1.0.0;
				PRODUCT_BUNDLE_IDENTIFIER = com.effortmoney.dailymemory;
				SDKROOT = iphoneos;
				TARGETED_DEVICE_FAMILY = "1,2";
			};
			name = Debug;
		};
		83028FF2E2C3D627E2AEE5D7 /* Debug */ = {
			isa = XCBuildConfiguration;
			buildSettings = {
				ALWAYS_SEARCH_USER_PATHS = NO;
				CLANG_ANALYZER_NONNULL = YES;
				CLANG_ANALYZER_NUMBER_OBJECT_CONVERSION = YES_AGGRESSIVE;
				CLANG_CXX_LANGUAGE_STANDARD = "gnu++14";
				CLANG_CXX_LIBRARY = "libc++";
				CLANG_ENABLE_MODULES = YES;
				CLANG_ENABLE_OBJC_ARC = YES;
				CLANG_ENABLE_OBJC_WEAK = YES;
				CLANG_WARN_BLOCK_CAPTURE_AUTORELEASING = YES;
				CLANG_WARN_BOOL_CONVERSION = YES;
				CLANG_WARN_COMMA = YES;
				CLANG_WARN_CONSTANT_CONVERSION = YES;
				CLANG_WARN_DEPRECATED_OBJC_IMPLEMENTATIONS = YES;
				CLANG_WARN_DIRECT_OBJC_ISA_USAGE = YES_ERROR;
				CLANG_WARN_DOCUMENTATION_COMMENTS = YES;
				CLANG_WARN_EMPTY_BODY = YES;
				CLANG_WARN_ENUM_CONVERSION = YES;
				CLANG_WARN_INFINITE_RECURSION = YES;
				CLANG_WARN_INT_CONVERSION = YES;
				CLANG_WARN_NON_LITERAL_NULL_CONVERSION = YES;
				CLANG_WARN_OBJC_IMPLICIT_RETAIN_SELF = YES;
				CLANG_WARN_OBJC_LITERAL_CONVERSION = YES;
				CLANG_WARN_OBJC_ROOT_CLASS = YES_ERROR;
				CLANG_WARN_QUOTED_INCLUDE_IN_FRAMEWORK_HEADER = YES;
				CLANG_WARN_RANGE_LOOP_ANALYSIS = YES;
				CLANG_WARN_STRICT_PROTOTYPES = YES;
				CLANG_WARN_SUSPICIOUS_MOVE = YES;
				CLANG_WARN_UNGUARDED_AVAILABILITY = YES_AGGRESSIVE;
				CLANG_WARN_UNREACHABLE_CODE = YES;
				CLANG_WARN__DUPLICATE_METHOD_MATCH = YES;
				CODE_SIGN_STYLE = Automatic;
				COPY_PHASE_STRIP = NO;
				DEBUG_INFORMATION_FORMAT = dwarf;
				DEVELOPMENT_TEAM = "";
				ENABLE_STRICT_OBJC_MSGSEND = YES;
				ENABLE_TESTABILITY = YES;
				GCC_C_LANGUAGE_STANDARD = gnu11;
				GCC_DYNAMIC_NO_PIC = NO;
				GCC_NO_COMMON_BLOCKS = YES;
				GCC_OPTIMIZATION_LEVEL = 0;
				GCC_PREPROCESSOR_DEFINITIONS = (
					"$(inherited)",
					"DEBUG=1",
				);
				GCC_WARN_64_TO_32_BIT_CONVERSION = YES;
				GCC_WARN_ABOUT_RETURN_TYPE = YES_ERROR;
				GCC_WARN_UNDECLARED_SELECTOR = YES;
				GCC_WARN_UNINITIALIZED_AUTOS = YES_AGGRESSIVE;
				GCC_WARN_UNUSED_FUNCTION = YES;
				GCC_WARN_UNUSED_VARIABLE = YES;
				IPHONEOS_DEPLOYMENT_TARGET = 16.0;
				MTL_ENABLE_DEBUG_INFO = INCLUDE_SOURCE;
				MTL_FAST_MATH = YES;
				ONLY_ACTIVE_ARCH = YES;
				PRODUCT_NAME = "$(TARGET_NAME)";
				SDKROOT = iphoneos;
				SWIFT_ACTIVE_COMPILATION_CONDITIONS = DEBUG;
				SWIFT_OPTIMIZATION_LEVEL = "-Onone";
				SWIFT_VERSION = 5.9;
				TARGETED_DEVICE_FAMILY = "1,2";
			};
			name = Debug;
		};
		8EE2CEBAF648B30C0A2252EC /* Release */ = {
			isa = XCBuildConfiguration;
			buildSettings = {
				ASSETCATALOG_COMPILER_APPICON_NAME = AppIcon;
				CODE_SIGN_IDENTITY = "iPhone Developer";
				CURRENT_PROJECT_VERSION = 1;
				GENERATE_INFOPLIST_FILE = YES;
				INFOPLIST_FILE = DailyMemory/Resources/Info.plist;
				INFOPLIST_KEY_CFBundleDisplayName = Engram;
				INFOPLIST_KEY_NSCameraUsageDescription = "Engram can capture photos to add to your memories";
				INFOPLIST_KEY_NSMicrophoneUsageDescription = "Engram needs microphone access for voice recording";
				INFOPLIST_KEY_NSPhotoLibraryUsageDescription = "Engram needs access to your photos to attach them to memories";
				INFOPLIST_KEY_NSSpeechRecognitionUsageDescription = "Engram uses speech recognition to transcribe your voice memos";
				INFOPLIST_KEY_NSUserNotificationsUsageDescription = "Engram sends reminders for your important memories";
				INFOPLIST_KEY_UIApplicationSceneManifest_Generation = YES;
				INFOPLIST_KEY_UIApplicationSupportsIndirectInputEvents = YES;
				INFOPLIST_KEY_UIBackgroundModes = "remote-notification";
				INFOPLIST_KEY_UILaunchScreen_Generation = YES;
				INFOPLIST_KEY_UISupportedInterfaceOrientations_iPad = "UIInterfaceOrientationPortrait UIInterfaceOrientationPortraitUpsideDown UIInterfaceOrientationLandscapeLeft UIInterfaceOrientationLandscapeRight";
				INFOPLIST_KEY_UISupportedInterfaceOrientations_iPhone = "UIInterfaceOrientationPortrait UIInterfaceOrientationLandscapeLeft UIInterfaceOrientationLandscapeRight";
				LD_RUNPATH_SEARCH_PATHS = (
					"$(inherited)",
					"@executable_path/Frameworks",
				);
				MARKETING_VERSION = 1.0.0;
				PRODUCT_BUNDLE_IDENTIFIER = com.effortmoney.dailymemory;
				SDKROOT = iphoneos;
				TARGETED_DEVICE_FAMILY = "1,2";
			};
			name = Release;
		};
/* End XCBuildConfiguration section */

/* Begin XCConfigurationList section */
		1A7CA185C325B803468B18C4 /* Build configuration list for PBXNativeTarget "DailyMemoryWidget" */ = {
			isa = XCConfigurationList;
			buildConfigurations = (
				230DCD47F59C5B6296592F0C /* Debug */,
				4FD094276411A9AA951826B5 /* Release */,
			);
			defaultConfigurationIsVisible = 0;
			defaultConfigurationName = Debug;
		};
		635B02CEBD9432E62DB0FF7E /* Build configuration list for PBXNativeTarget "DailyMemory" */ = {
			isa = XCConfigurationList;
			buildConfigurations = (
				6C665B55F94C7310A25F8BD6 /* Debug */,
				8EE2CEBAF648B30C0A2252EC /* Release */,
			);
			defaultConfigurationIsVisible = 0;
			defaultConfigurationName = Debug;
		};
		72C2E4731DAE82CBF83F8B29 /* Build configuration list for PBXProject "DailyMemory" */ = {
			isa = XCConfigurationList;
			buildConfigurations = (
				83028FF2E2C3D627E2AEE5D7 /* Debug */,
				1290FF96E48037AAB12D9A6D /* Release */,
			);
			defaultConfigurationIsVisible = 0;
			defaultConfigurationName = Debug;
		};
/* End XCConfigurationList section */

/* Begin XCRemoteSwiftPackageReference section */
		07FAAECCC4BBEA155C3898DD /* XCRemoteSwiftPackageReference "GoogleSignIn-iOS" */ = {
			isa = XCRemoteSwiftPackageReference;
			repositoryURL = "https://github.com/google/GoogleSignIn-iOS";
			requirement = {
				kind = exactVersion;
				version = 8.0.0;
			};
		};
		2AF095E884E8A601D25CA479 /* XCRemoteSwiftPackageReference "firebase-ios-sdk" */ = {
			isa = XCRemoteSwiftPackageReference;
			repositoryURL = "https://github.com/firebase/firebase-ios-sdk";
			requirement = {
				kind = exactVersion;
				version = 11.0.0;
			};
		};
/* End XCRemoteSwiftPackageReference section */

/* Begin XCSwiftPackageProductDependency section */
		11E667083F641FF65E88F973 /* FirebaseFirestore */ = {
			isa = XCSwiftPackageProductDependency;
			package = 2AF095E884E8A601D25CA479 /* XCRemoteSwiftPackageReference "firebase-ios-sdk" */;
			productName = FirebaseFirestore;
		};
		385E167D0721D57DCA8B840C /* FirebaseAuth */ = {
			isa = XCSwiftPackageProductDependency;
			package = 2AF095E884E8A601D25CA479 /* XCRemoteSwiftPackageReference "firebase-ios-sdk" */;
			productName = FirebaseAuth;
		};
		833428D35531325DEAF04541 /* FirebaseStorage */ = {
			isa = XCSwiftPackageProductDependency;
			package = 2AF095E884E8A601D25CA479 /* XCRemoteSwiftPackageReference "firebase-ios-sdk" */;
			productName = FirebaseStorage;
		};
		92B494BA76066A2C4A57736D /* GoogleSignInSwift */ = {
			isa = XCSwiftPackageProductDependency;
			package = 07FAAECCC4BBEA155C3898DD /* XCRemoteSwiftPackageReference "GoogleSignIn-iOS" */;
			productName = GoogleSignInSwift;
		};
		E2B742583F36D94126C5C62D /* FirebaseMessaging */ = {
			isa = XCSwiftPackageProductDependency;
			package = 2AF095E884E8A601D25CA479 /* XCRemoteSwiftPackageReference "firebase-ios-sdk" */;
			productName = FirebaseMessaging;
		};
		F1271B17D2440AE2819663E4 /* FirebaseAnalytics */ = {
			isa = XCSwiftPackageProductDependency;
			package = 2AF095E884E8A601D25CA479 /* XCRemoteSwiftPackageReference "firebase-ios-sdk" */;
			productName = FirebaseAnalytics;
		};
		FBFFB665121250630C8DE726 /* GoogleSignIn */ = {
			isa = XCSwiftPackageProductDependency;
			package = 07FAAECCC4BBEA155C3898DD /* XCRemoteSwiftPackageReference "GoogleSignIn-iOS" */;
			productName = GoogleSignIn;
		};
/* End XCSwiftPackageProductDependency section */

/* Begin XCVersionGroup section */
		B833AB8759807525D0EC3D49 /* DailyMemory.xcdatamodeld */ = {
			isa = XCVersionGroup;
			children = (
				736EB723E15B793EC03BD81A /* DailyMemory.xcdatamodel */,
			);
			currentVersion = 736EB723E15B793EC03BD81A /* DailyMemory.xcdatamodel */;
			path = DailyMemory.xcdatamodeld;
			sourceTree = "<group>";
			versionGroupType = wrapper.xcdatamodel;
		};
/* End XCVersionGroup section */
	};
	rootObject = 2ABF35B0D4E36E4A2CCD6F93 /* Project object */;
}
